
Microsoft Visual Studio Solution File, Format Version 12.00
# Visual Studio 15
VisualStudioVersion = 15.0.28307.329
MinimumVisualStudioVersion = 10.0.40219.1
Project("{FAE04EC0-301F-11D3-BF4B-00C04F79EFBC}") = "Ejemplo 1", "Ejemplo 1\Ejemplo 1.csproj", "{ABF7038B-7364-4B8E-8D91-AE8B1025CD8C}"
EndProject
Project("{FAE04EC0-301F-11D3-BF4B-00C04F79EFBC}") = "Ejemplo 2", "Ejemplo 2\Ejemplo 2.csproj", "{A779E4AE-D361-42F4-9506-636617FC0247}"
EndProject
Project("{FAE04EC0-301F-11D3-BF4B-00C04F79EFBC}") = "Ejercicio 1", "Ejercicio 1\Ejercicio 1.csproj", "{2557805C-E600-4184-B7F4-DC0FC001E53D}"
EndProject
Global
	GlobalSection(SolutionConfigurationPlatforms) = preSolution
		Debug|Any CPU = Debug|Any CPU
		Release|Any CPU = Release|Any CPU
	EndGlobalSection
	GlobalSection(ProjectConfigurationPlatforms) = postSolution
		{ABF7038B-7364-4B8E-8D91-AE8B1025CD8C}.Debug|Any CPU.ActiveCfg = Debug|Any CPU
		{ABF7038B-7364-4B8E-8D91-AE8B1025CD8C}.Debug|Any CPU.Build.0 = Debug|Any CPU
		{ABF7038B-7364-4B8E-8D91-AE8B1025CD8C}.Release|Any CPU.ActiveCfg = Release|Any CPU
		{ABF7038B-7364-4B8E-8D91-AE8B1025CD8C}.Release|Any CPU.Build.0 = Release|Any CPU
		{A779E4AE-D361-42F4-9506-636617FC0247}.Debug|Any CPU.ActiveCfg = Debug|Any CPU
		{A779E4AE-D361-42F4-9506-636617FC0247}.Debug|Any CPU.Build.0 = Debug|Any CPU
		{A779E4AE-D361-42F4-9506-636617FC0247}.Release|Any CPU.ActiveCfg = Release|Any CPU
		{A779E4AE-D361-42F4-9506-636617FC0247}.Release|Any CPU.Build.0 = Release|Any CPU
		{2557805C-E600-4184-B7F4-DC0FC001E53D}.Debug|Any CPU.ActiveCfg = Debug|Any CPU
		{2557805C-E600-4184-B7F4-DC0FC001E53D}.Debug|Any CPU.Build.0 = Debug|Any CPU
		{2557805C-E600-4184-B7F4-DC0FC001E53D}.Release|Any CPU.ActiveCfg = Release|Any CPU
		{2557805C-E600-4184-B7F4-DC0FC001E53D}.Release|Any CPU.Build.0 = Release|Any CPU
	EndGlobalSection
	GlobalSection(SolutionProperties) = preSolution
		HideSolutionNode = FALSE
	EndGlobalSection
	GlobalSection(ExtensibilityGlobals) = postSolution
		SolutionGuid = {F9E77016-47D7-43FA-8B7F-67320D600F30}
	EndGlobalSection
EndGlobal
