
Microsoft Visual Studio Solution File, Format Version 12.00
# Visual Studio 15
VisualStudioVersion = 15.0.27703.2026
MinimumVisualStudioVersion = 10.0.40219.1
Project("{FAE04EC0-301F-11D3-BF4B-00C04F79EFBC}") = "Primer Parcial Practico", "Primer Parcial Practico\Primer Parcial Practico.csproj", "{A67EF5ED-3E3C-4B8E-ADEC-0BF27114F0F8}"
EndProject
Global
	GlobalSection(SolutionConfigurationPlatforms) = preSolution
		Debug|Any CPU = Debug|Any CPU
		Release|Any CPU = Release|Any CPU
	EndGlobalSection
	GlobalSection(ProjectConfigurationPlatforms) = postSolution
		{A67EF5ED-3E3C-4B8E-ADEC-0BF27114F0F8}.Debug|Any CPU.ActiveCfg = Debug|Any CPU
		{A67EF5ED-3E3C-4B8E-ADEC-0BF27114F0F8}.Debug|Any CPU.Build.0 = Debug|Any CPU
		{A67EF5ED-3E3C-4B8E-ADEC-0BF27114F0F8}.Release|Any CPU.ActiveCfg = Release|Any CPU
		{A67EF5ED-3E3C-4B8E-ADEC-0BF27114F0F8}.Release|Any CPU.Build.0 = Release|Any CPU
	EndGlobalSection
	GlobalSection(SolutionProperties) = preSolution
		HideSolutionNode = FALSE
	EndGlobalSection
	GlobalSection(ExtensibilityGlobals) = postSolution
		SolutionGuid = {5DFD8855-2E53-4AAB-BBC3-78E860D869D7}
	EndGlobalSection
EndGlobal
